
Microsoft Visual Studio Solution File, Format Version 12.00
# Visual Studio Version 17
VisualStudioVersion = 17.4.33205.214
MinimumVisualStudioVersion = 10.0.40219.1
Project("{2150E333-8FDC-42A3-9474-1A3956D46DE8}") = "src", "src", "{B1CE9B08-4540-4834-8CDC-C2677D36EFD8}"
EndProject
Project("{2150E333-8FDC-42A3-9474-1A3956D46DE8}") = "CQRS-ES", "CQRS-ES", "{BB0C8F7B-B491-462B-8E02-212298ADD0AD}"
EndProject
Project("{2150E333-8FDC-42A3-9474-1A3956D46DE8}") = "SM-Post", "SM-Post", "{3C16C4DF-4315-4AE1-8EB1-EDC6C13DF613}"
EndProject
Project("{2150E333-8FDC-42A3-9474-1A3956D46DE8}") = "Post.Cmd", "Post.Cmd", "{5FFDB6DC-4251-4D79-B8A2-4496F00737C2}"
EndProject
Project("{2150E333-8FDC-42A3-9474-1A3956D46DE8}") = "Post.Query", "Post.Query", "{045D0ACA-457D-467E-B12F-FB3FCAEA1161}"
EndProject
Project("{9A19103F-16F7-4668-BE54-9A1E7A4F7556}") = "CQRS.Core", "src\CQRS-ES\CQRS.Core\CQRS.Core.csproj", "{71FB87F9-28DA-4F5F-8E3F-5B1844F0FD13}"
EndProject
Project("{9A19103F-16F7-4668-BE54-9A1E7A4F7556}") = "Post.Cmd.Api", "src\SM-Post\Post.Cmd\Post.Cmd.Api\Post.Cmd.Api.csproj", "{D8A30DC7-FD6A-4AED-9F9C-7E89332D00C8}"
EndProject
Project("{9A19103F-16F7-4668-BE54-9A1E7A4F7556}") = "Post.Cmd.Domain", "src\SM-Post\Post.Cmd\Post.Cmd.Domain\Post.Cmd.Domain.csproj", "{4ACA3167-B2FB-4F7D-9C88-05C762044313}"
EndProject
Project("{9A19103F-16F7-4668-BE54-9A1E7A4F7556}") = "Post.Cmd.Infrastructure", "src\SM-Post\Post.Cmd\Post.Cmd.Infrastructure\Post.Cmd.Infrastructure.csproj", "{59284500-1286-408E-BE5F-04B217CDD158}"
EndProject
Project("{9A19103F-16F7-4668-BE54-9A1E7A4F7556}") = "Post.Query.Api", "src\SM-Post\Post.Query\Post.Query.Api\Post.Query.Api.csproj", "{80E81B6E-FAE1-4E41-9538-1EC97F7BA942}"
EndProject
Project("{9A19103F-16F7-4668-BE54-9A1E7A4F7556}") = "Post.Query.Domain", "src\SM-Post\Post.Query\Post.Query.Domain\Post.Query.Domain.csproj", "{343DC27F-E09A-40F1-B80C-D3572B8455D0}"
EndProject
Project("{9A19103F-16F7-4668-BE54-9A1E7A4F7556}") = "Post.Query.Infrastructure", "src\SM-Post\Post.Query\Post.Query.Infrastructure\Post.Query.Infrastructure.csproj", "{A061D973-39A3-493C-AB79-AE01731D2859}"
EndProject
Project("{9A19103F-16F7-4668-BE54-9A1E7A4F7556}") = "Post.Common", "src\SM-Post\Post.Common\Post.Common.csproj", "{CCA33108-BB27-4535-B480-96115CCEE7BA}"
EndProject
Global
	GlobalSection(SolutionConfigurationPlatforms) = preSolution
		Debug|Any CPU = Debug|Any CPU
		Release|Any CPU = Release|Any CPU
	EndGlobalSection
	GlobalSection(ProjectConfigurationPlatforms) = postSolution
		{71FB87F9-28DA-4F5F-8E3F-5B1844F0FD13}.Debug|Any CPU.ActiveCfg = Debug|Any CPU
		{71FB87F9-28DA-4F5F-8E3F-5B1844F0FD13}.Debug|Any CPU.Build.0 = Debug|Any CPU
		{71FB87F9-28DA-4F5F-8E3F-5B1844F0FD13}.Release|Any CPU.ActiveCfg = Release|Any CPU
		{71FB87F9-28DA-4F5F-8E3F-5B1844F0FD13}.Release|Any CPU.Build.0 = Release|Any CPU
		{D8A30DC7-FD6A-4AED-9F9C-7E89332D00C8}.Debug|Any CPU.ActiveCfg = Debug|Any CPU
		{D8A30DC7-FD6A-4AED-9F9C-7E89332D00C8}.Debug|Any CPU.Build.0 = Debug|Any CPU
		{D8A30DC7-FD6A-4AED-9F9C-7E89332D00C8}.Release|Any CPU.ActiveCfg = Release|Any CPU
		{D8A30DC7-FD6A-4AED-9F9C-7E89332D00C8}.Release|Any CPU.Build.0 = Release|Any CPU
		{4ACA3167-B2FB-4F7D-9C88-05C762044313}.Debug|Any CPU.ActiveCfg = Debug|Any CPU
		{4ACA3167-B2FB-4F7D-9C88-05C762044313}.Debug|Any CPU.Build.0 = Debug|Any CPU
		{4ACA3167-B2FB-4F7D-9C88-05C762044313}.Release|Any CPU.ActiveCfg = Release|Any CPU
		{4ACA3167-B2FB-4F7D-9C88-05C762044313}.Release|Any CPU.Build.0 = Release|Any CPU
		{59284500-1286-408E-BE5F-04B217CDD158}.Debug|Any CPU.ActiveCfg = Debug|Any CPU
		{59284500-1286-408E-BE5F-04B217CDD158}.Debug|Any CPU.Build.0 = Debug|Any CPU
		{59284500-1286-408E-BE5F-04B217CDD158}.Release|Any CPU.ActiveCfg = Release|Any CPU
		{59284500-1286-408E-BE5F-04B217CDD158}.Release|Any CPU.Build.0 = Release|Any CPU
		{80E81B6E-FAE1-4E41-9538-1EC97F7BA942}.Debug|Any CPU.ActiveCfg = Debug|Any CPU
		{80E81B6E-FAE1-4E41-9538-1EC97F7BA942}.Debug|Any CPU.Build.0 = Debug|Any CPU
		{80E81B6E-FAE1-4E41-9538-1EC97F7BA942}.Release|Any CPU.ActiveCfg = Release|Any CPU
		{80E81B6E-FAE1-4E41-9538-1EC97F7BA942}.Release|Any CPU.Build.0 = Release|Any CPU
		{343DC27F-E09A-40F1-B80C-D3572B8455D0}.Debug|Any CPU.ActiveCfg = Debug|Any CPU
		{343DC27F-E09A-40F1-B80C-D3572B8455D0}.Debug|Any CPU.Build.0 = Debug|Any CPU
		{343DC27F-E09A-40F1-B80C-D3572B8455D0}.Release|Any CPU.ActiveCfg = Release|Any CPU
		{343DC27F-E09A-40F1-B80C-D3572B8455D0}.Release|Any CPU.Build.0 = Release|Any CPU
		{A061D973-39A3-493C-AB79-AE01731D2859}.Debug|Any CPU.ActiveCfg = Debug|Any CPU
		{A061D973-39A3-493C-AB79-AE01731D2859}.Debug|Any CPU.Build.0 = Debug|Any CPU
		{A061D973-39A3-493C-AB79-AE01731D2859}.Release|Any CPU.ActiveCfg = Release|Any CPU
		{A061D973-39A3-493C-AB79-AE01731D2859}.Release|Any CPU.Build.0 = Release|Any CPU
		{CCA33108-BB27-4535-B480-96115CCEE7BA}.Debug|Any CPU.ActiveCfg = Debug|Any CPU
		{CCA33108-BB27-4535-B480-96115CCEE7BA}.Debug|Any CPU.Build.0 = Debug|Any CPU
		{CCA33108-BB27-4535-B480-96115CCEE7BA}.Release|Any CPU.ActiveCfg = Release|Any CPU
		{CCA33108-BB27-4535-B480-96115CCEE7BA}.Release|Any CPU.Build.0 = Release|Any CPU
	EndGlobalSection
	GlobalSection(SolutionProperties) = preSolution
		HideSolutionNode = FALSE
	EndGlobalSection
	GlobalSection(NestedProjects) = preSolution
		{BB0C8F7B-B491-462B-8E02-212298ADD0AD} = {B1CE9B08-4540-4834-8CDC-C2677D36EFD8}
		{3C16C4DF-4315-4AE1-8EB1-EDC6C13DF613} = {B1CE9B08-4540-4834-8CDC-C2677D36EFD8}
		{5FFDB6DC-4251-4D79-B8A2-4496F00737C2} = {3C16C4DF-4315-4AE1-8EB1-EDC6C13DF613}
		{045D0ACA-457D-467E-B12F-FB3FCAEA1161} = {3C16C4DF-4315-4AE1-8EB1-EDC6C13DF613}
		{71FB87F9-28DA-4F5F-8E3F-5B1844F0FD13} = {BB0C8F7B-B491-462B-8E02-212298ADD0AD}
		{D8A30DC7-FD6A-4AED-9F9C-7E89332D00C8} = {5FFDB6DC-4251-4D79-B8A2-4496F00737C2}
		{4ACA3167-B2FB-4F7D-9C88-05C762044313} = {5FFDB6DC-4251-4D79-B8A2-4496F00737C2}
		{59284500-1286-408E-BE5F-04B217CDD158} = {5FFDB6DC-4251-4D79-B8A2-4496F00737C2}
		{80E81B6E-FAE1-4E41-9538-1EC97F7BA942} = {045D0ACA-457D-467E-B12F-FB3FCAEA1161}
		{343DC27F-E09A-40F1-B80C-D3572B8455D0} = {045D0ACA-457D-467E-B12F-FB3FCAEA1161}
		{A061D973-39A3-493C-AB79-AE01731D2859} = {045D0ACA-457D-467E-B12F-FB3FCAEA1161}
		{CCA33108-BB27-4535-B480-96115CCEE7BA} = {3C16C4DF-4315-4AE1-8EB1-EDC6C13DF613}
	EndGlobalSection
	GlobalSection(ExtensibilityGlobals) = postSolution
		SolutionGuid = {13627808-85E0-4B0D-B083-5FDC7926273E}
	EndGlobalSection
EndGlobal
